// !$*UTF8*$!
{
	archiveVersion = 1;
	classes = {
	};
	objectVersion = 46;
	objects = {

/* Begin PBXBuildFile section */
		9D147F431A39FAE9006631F8 /* main.m in Sources */ = {isa = PBXBuildFile; fileRef = 9D147F421A39FAE9006631F8 /* main.m */; };
		9D147F461A39FAE9006631F8 /* AppDelegate.m in Sources */ = {isa = PBXBuildFile; fileRef = 9D147F451A39FAE9006631F8 /* AppDelegate.m */; };
		9D147F491A39FAE9006631F8 /* whitewash.xcdatamodeld in Sources */ = {isa = PBXBuildFile; fileRef = 9D147F471A39FAE9006631F8 /* whitewash.xcdatamodeld */; };
		9D147F511A39FAE9006631F8 /* Images.xcassets in Resources */ = {isa = PBXBuildFile; fileRef = 9D147F501A39FAE9006631F8 /* Images.xcassets */; };
		9D18DE551A968FB50074F31B /* MRCommunicationStore.m in Sources */ = {isa = PBXBuildFile; fileRef = 9D18DE541A968FB50074F31B /* MRCommunicationStore.m */; };
		9D18DE581A96911E0074F31B /* MRCommunication.m in Sources */ = {isa = PBXBuildFile; fileRef = 9D18DE571A96911E0074F31B /* MRCommunication.m */; };
		9D1E9D291A6EEF3600B8927F /* MRGameBoardViewController.m in Sources */ = {isa = PBXBuildFile; fileRef = 9D1E9D281A6EEF3600B8927F /* MRGameBoardViewController.m */; };
		9D1E9D2C1A6EEF6A00B8927F /* MRGameBoardView.m in Sources */ = {isa = PBXBuildFile; fileRef = 9D1E9D2B1A6EEF6A00B8927F /* MRGameBoardView.m */; };
		9D1E9D2E1A6F21D100B8927F /* Default-568h@2x.png in Resources */ = {isa = PBXBuildFile; fileRef = 9D1E9D2D1A6F21D100B8927F /* Default-568h@2x.png */; };
		9D9A48331A8E671500B9B202 /* CardContentView.xib in Resources */ = {isa = PBXBuildFile; fileRef = 9D9A48321A8E671500B9B202 /* CardContentView.xib */; };
		9D9BB8561A700B1F00EF427D /* MRGamePieceView.m in Sources */ = {isa = PBXBuildFile; fileRef = 9D9BB8551A700B1F00EF427D /* MRGamePieceView.m */; };
		9DF089A51A9E42120080F0DE /* communications.json in Resources */ = {isa = PBXBuildFile; fileRef = 9DF089A41A9E42120080F0DE /* communications.json */; };
		9DFE26261A8D4FF900483A86 /* MRSwipeableViewController.m in Sources */ = {isa = PBXBuildFile; fileRef = 9DFE26251A8D4FF900483A86 /* MRSwipeableViewController.m */; };
		9DFE262C1A8D56FE00483A86 /* Main.storyboard in Resources */ = {isa = PBXBuildFile; fileRef = 9DFE262B1A8D56FE00483A86 /* Main.storyboard */; };
		9DFE26601A8D578E00483A86 /* LaunchScreen.xib in Resources */ = {isa = PBXBuildFile; fileRef = 9DFE265F1A8D578E00483A86 /* LaunchScreen.xib */; };
		D14E1686C143C8E7576C6878 /* libPods.a in Frameworks */ = {isa = PBXBuildFile; fileRef = 84891F4238620B0F6794F681 /* libPods.a */; };
/* End PBXBuildFile section */

/* Begin PBXContainerItemProxy section */
		9D147F5A1A39FAE9006631F8 /* PBXContainerItemProxy */ = {
			isa = PBXContainerItemProxy;
			containerPortal = 9D147F351A39FAE9006631F8 /* Project object */;
			proxyType = 1;
			remoteGlobalIDString = 9D147F3C1A39FAE9006631F8;
			remoteInfo = whitewash;
		};
/* End PBXContainerItemProxy section */

/* Begin PBXFileReference section */
		55CD1DBBC66F6DD4D9E6CC95 /* Pods.release.xcconfig */ = {isa = PBXFileReference; includeInIndex = 1; lastKnownFileType = text.xcconfig; name = Pods.release.xcconfig; path = "Pods/Target Support Files/Pods/Pods.release.xcconfig"; sourceTree = "<group>"; };
		84891F4238620B0F6794F681 /* libPods.a */ = {isa = PBXFileReference; explicitFileType = archive.ar; includeInIndex = 0; path = libPods.a; sourceTree = BUILT_PRODUCTS_DIR; };
		9D147F3D1A39FAE9006631F8 /* whitewash.app */ = {isa = PBXFileReference; explicitFileType = wrapper.application; includeInIndex = 0; path = whitewash.app; sourceTree = BUILT_PRODUCTS_DIR; };
		9D147F411A39FAE9006631F8 /* Info.plist */ = {isa = PBXFileReference; lastKnownFileType = text.plist.xml; path = Info.plist; sourceTree = "<group>"; };
		9D147F421A39FAE9006631F8 /* main.m */ = {isa = PBXFileReference; lastKnownFileType = sourcecode.c.objc; path = main.m; sourceTree = "<group>"; };
		9D147F441A39FAE9006631F8 /* AppDelegate.h */ = {isa = PBXFileReference; lastKnownFileType = sourcecode.c.h; path = AppDelegate.h; sourceTree = "<group>"; };
		9D147F451A39FAE9006631F8 /* AppDelegate.m */ = {isa = PBXFileReference; lastKnownFileType = sourcecode.c.objc; path = AppDelegate.m; sourceTree = "<group>"; };
		9D147F481A39FAE9006631F8 /* whitewash.xcdatamodel */ = {isa = PBXFileReference; lastKnownFileType = wrapper.xcdatamodel; path = whitewash.xcdatamodel; sourceTree = "<group>"; };
		9D147F501A39FAE9006631F8 /* Images.xcassets */ = {isa = PBXFileReference; lastKnownFileType = folder.assetcatalog; path = Images.xcassets; sourceTree = "<group>"; };
		9D147F591A39FAE9006631F8 /* whitewashTests.xctest */ = {isa = PBXFileReference; explicitFileType = wrapper.cfbundle; includeInIndex = 0; path = whitewashTests.xctest; sourceTree = BUILT_PRODUCTS_DIR; };
		9D147F5E1A39FAE9006631F8 /* Info.plist */ = {isa = PBXFileReference; lastKnownFileType = text.plist.xml; path = Info.plist; sourceTree = "<group>"; };
		9D18DE531A968FB50074F31B /* MRCommunicationStore.h */ = {isa = PBXFileReference; fileEncoding = 4; lastKnownFileType = sourcecode.c.h; path = MRCommunicationStore.h; sourceTree = "<group>"; };
		9D18DE541A968FB50074F31B /* MRCommunicationStore.m */ = {isa = PBXFileReference; fileEncoding = 4; lastKnownFileType = sourcecode.c.objc; path = MRCommunicationStore.m; sourceTree = "<group>"; };
		9D18DE561A96911E0074F31B /* MRCommunication.h */ = {isa = PBXFileReference; fileEncoding = 4; lastKnownFileType = sourcecode.c.h; path = MRCommunication.h; sourceTree = "<group>"; };
		9D18DE571A96911E0074F31B /* MRCommunication.m */ = {isa = PBXFileReference; fileEncoding = 4; lastKnownFileType = sourcecode.c.objc; path = MRCommunication.m; sourceTree = "<group>"; };
		9D1E9D271A6EEF3600B8927F /* MRGameBoardViewController.h */ = {isa = PBXFileReference; fileEncoding = 4; lastKnownFileType = sourcecode.c.h; path = MRGameBoardViewController.h; sourceTree = "<group>"; };
		9D1E9D281A6EEF3600B8927F /* MRGameBoardViewController.m */ = {isa = PBXFileReference; fileEncoding = 4; lastKnownFileType = sourcecode.c.objc; path = MRGameBoardViewController.m; sourceTree = "<group>"; };
		9D1E9D2A1A6EEF6A00B8927F /* MRGameBoardView.h */ = {isa = PBXFileReference; fileEncoding = 4; lastKnownFileType = sourcecode.c.h; path = MRGameBoardView.h; sourceTree = "<group>"; };
		9D1E9D2B1A6EEF6A00B8927F /* MRGameBoardView.m */ = {isa = PBXFileReference; fileEncoding = 4; lastKnownFileType = sourcecode.c.objc; path = MRGameBoardView.m; sourceTree = "<group>"; };
		9D1E9D2D1A6F21D100B8927F /* Default-568h@2x.png */ = {isa = PBXFileReference; lastKnownFileType = image.png; path = "Default-568h@2x.png"; sourceTree = "<group>"; };
		9D9A48321A8E671500B9B202 /* CardContentView.xib */ = {isa = PBXFileReference; fileEncoding = 4; lastKnownFileType = file.xib; path = CardContentView.xib; sourceTree = "<group>"; };
		9D9BB8541A700B1F00EF427D /* MRGamePieceView.h */ = {isa = PBXFileReference; fileEncoding = 4; lastKnownFileType = sourcecode.c.h; path = MRGamePieceView.h; sourceTree = "<group>"; };
		9D9BB8551A700B1F00EF427D /* MRGamePieceView.m */ = {isa = PBXFileReference; fileEncoding = 4; lastKnownFileType = sourcecode.c.objc; path = MRGamePieceView.m; sourceTree = "<group>"; };
		9DF089A41A9E42120080F0DE /* communications.json */ = {isa = PBXFileReference; fileEncoding = 4; lastKnownFileType = text.json; path = communications.json; sourceTree = "<group>"; };
		9DFE26241A8D4FF900483A86 /* MRSwipeableViewController.h */ = {isa = PBXFileReference; fileEncoding = 4; lastKnownFileType = sourcecode.c.h; path = MRSwipeableViewController.h; sourceTree = "<group>"; };
		9DFE26251A8D4FF900483A86 /* MRSwipeableViewController.m */ = {isa = PBXFileReference; fileEncoding = 4; lastKnownFileType = sourcecode.c.objc; path = MRSwipeableViewController.m; sourceTree = "<group>"; };
		9DFE262B1A8D56FE00483A86 /* Main.storyboard */ = {isa = PBXFileReference; fileEncoding = 4; lastKnownFileType = file.storyboard; path = Main.storyboard; sourceTree = "<group>"; };
		9DFE265F1A8D578E00483A86 /* LaunchScreen.xib */ = {isa = PBXFileReference; fileEncoding = 4; lastKnownFileType = file.xib; path = LaunchScreen.xib; sourceTree = "<group>"; };
		C4593659F62CF388C7EC9252 /* Pods.debug.xcconfig */ = {isa = PBXFileReference; includeInIndex = 1; lastKnownFileType = text.xcconfig; name = Pods.debug.xcconfig; path = "Pods/Target Support Files/Pods/Pods.debug.xcconfig"; sourceTree = "<group>"; };
/* End PBXFileReference section */

/* Begin PBXFrameworksBuildPhase section */
		9D147F3A1A39FAE9006631F8 /* Frameworks */ = {
			isa = PBXFrameworksBuildPhase;
			buildActionMask = 2147483647;
			files = (
				D14E1686C143C8E7576C6878 /* libPods.a in Frameworks */,
			);
			runOnlyForDeploymentPostprocessing = 0;
		};
		9D147F561A39FAE9006631F8 /* Frameworks */ = {
			isa = PBXFrameworksBuildPhase;
			buildActionMask = 2147483647;
			files = (
			);
			runOnlyForDeploymentPostprocessing = 0;
		};
/* End PBXFrameworksBuildPhase section */

/* Begin PBXGroup section */
		211E375B66CB9B3A0FE87CE9 /* Frameworks */ = {
			isa = PBXGroup;
			children = (
				84891F4238620B0F6794F681 /* libPods.a */,
			);
			name = Frameworks;
			sourceTree = "<group>";
		};
		516EB82E805533FC49A4BE2B /* Pods */ = {
			isa = PBXGroup;
			children = (
				C4593659F62CF388C7EC9252 /* Pods.debug.xcconfig */,
				55CD1DBBC66F6DD4D9E6CC95 /* Pods.release.xcconfig */,
			);
			name = Pods;
			sourceTree = "<group>";
		};
		9D147F341A39FAE9006631F8 = {
			isa = PBXGroup;
			children = (
				9D1E9D2D1A6F21D100B8927F /* Default-568h@2x.png */,
				9D147F3F1A39FAE9006631F8 /* whitewash */,
				9D147F5C1A39FAE9006631F8 /* whitewashTests */,
				9D147F3E1A39FAE9006631F8 /* Products */,
				516EB82E805533FC49A4BE2B /* Pods */,
				211E375B66CB9B3A0FE87CE9 /* Frameworks */,
			);
			sourceTree = "<group>";
		};
		9D147F3E1A39FAE9006631F8 /* Products */ = {
			isa = PBXGroup;
			children = (
				9D147F3D1A39FAE9006631F8 /* whitewash.app */,
				9D147F591A39FAE9006631F8 /* whitewashTests.xctest */,
			);
			name = Products;
			sourceTree = "<group>";
		};
		9D147F3F1A39FAE9006631F8 /* whitewash */ = {
			isa = PBXGroup;
			children = (
				9DFE26281A8D500C00483A86 /* Prototype 2 */,
				9DFE26271A8D4FFF00483A86 /* Prototype 1 */,
				9D147F441A39FAE9006631F8 /* AppDelegate.h */,
				9D147F451A39FAE9006631F8 /* AppDelegate.m */,
				9D147F501A39FAE9006631F8 /* Images.xcassets */,
				9D147F471A39FAE9006631F8 /* whitewash.xcdatamodeld */,
				9DFE262B1A8D56FE00483A86 /* Main.storyboard */,
				9DFE265F1A8D578E00483A86 /* LaunchScreen.xib */,
				9D147F401A39FAE9006631F8 /* Supporting Files */,
			);
			path = whitewash;
			sourceTree = "<group>";
		};
		9D147F401A39FAE9006631F8 /* Supporting Files */ = {
			isa = PBXGroup;
			children = (
				9D147F411A39FAE9006631F8 /* Info.plist */,
				9D147F421A39FAE9006631F8 /* main.m */,
			);
			name = "Supporting Files";
			sourceTree = "<group>";
		};
		9D147F5C1A39FAE9006631F8 /* whitewashTests */ = {
			isa = PBXGroup;
			children = (
				9D147F5D1A39FAE9006631F8 /* Supporting Files */,
			);
			path = whitewashTests;
			sourceTree = "<group>";
		};
		9D147F5D1A39FAE9006631F8 /* Supporting Files */ = {
			isa = PBXGroup;
			children = (
				9D147F5E1A39FAE9006631F8 /* Info.plist */,
			);
			name = "Supporting Files";
			sourceTree = "<group>";
		};
		9DFE26271A8D4FFF00483A86 /* Prototype 1 */ = {
			isa = PBXGroup;
			children = (
				9D1E9D2A1A6EEF6A00B8927F /* MRGameBoardView.h */,
				9D1E9D2B1A6EEF6A00B8927F /* MRGameBoardView.m */,
				9D9BB8541A700B1F00EF427D /* MRGamePieceView.h */,
				9D9BB8551A700B1F00EF427D /* MRGamePieceView.m */,
				9D1E9D271A6EEF3600B8927F /* MRGameBoardViewController.h */,
				9D1E9D281A6EEF3600B8927F /* MRGameBoardViewController.m */,
			);
			name = "Prototype 1";
			sourceTree = "<group>";
		};
		9DFE26281A8D500C00483A86 /* Prototype 2 */ = {
			isa = PBXGroup;
			children = (
				9DF089A41A9E42120080F0DE /* communications.json */,
				9DFE26241A8D4FF900483A86 /* MRSwipeableViewController.h */,
				9DFE26251A8D4FF900483A86 /* MRSwipeableViewController.m */,
				9D18DE531A968FB50074F31B /* MRCommunicationStore.h */,
				9D18DE541A968FB50074F31B /* MRCommunicationStore.m */,
				9D18DE561A96911E0074F31B /* MRCommunication.h */,
				9D18DE571A96911E0074F31B /* MRCommunication.m */,
				9D9A48321A8E671500B9B202 /* CardContentView.xib */,
			);
			name = "Prototype 2";
			sourceTree = "<group>";
		};
/* End PBXGroup section */

/* Begin PBXNativeTarget section */
		9D147F3C1A39FAE9006631F8 /* whitewash */ = {
			isa = PBXNativeTarget;
			buildConfigurationList = 9D147F631A39FAE9006631F8 /* Build configuration list for PBXNativeTarget "whitewash" */;
			buildPhases = (
				5ABE3CBFFFCAB8DD781C075B /* Check Pods Manifest.lock */,
				9D147F391A39FAE9006631F8 /* Sources */,
				9D147F3A1A39FAE9006631F8 /* Frameworks */,
				9D147F3B1A39FAE9006631F8 /* Resources */,
				3A58852FAF8C748E5A1494DB /* Copy Pods Resources */,
			);
			buildRules = (
			);
			dependencies = (
			);
			name = whitewash;
			productName = whitewash;
			productReference = 9D147F3D1A39FAE9006631F8 /* whitewash.app */;
			productType = "com.apple.product-type.application";
		};
		9D147F581A39FAE9006631F8 /* whitewashTests */ = {
			isa = PBXNativeTarget;
			buildConfigurationList = 9D147F661A39FAE9006631F8 /* Build configuration list for PBXNativeTarget "whitewashTests" */;
			buildPhases = (
				9D147F551A39FAE9006631F8 /* Sources */,
				9D147F561A39FAE9006631F8 /* Frameworks */,
				9D147F571A39FAE9006631F8 /* Resources */,
			);
			buildRules = (
			);
			dependencies = (
				9D147F5B1A39FAE9006631F8 /* PBXTargetDependency */,
			);
			name = whitewashTests;
			productName = whitewashTests;
			productReference = 9D147F591A39FAE9006631F8 /* whitewashTests.xctest */;
			productType = "com.apple.product-type.bundle.unit-test";
		};
/* End PBXNativeTarget section */

/* Begin PBXProject section */
		9D147F351A39FAE9006631F8 /* Project object */ = {
			isa = PBXProject;
			attributes = {
				CLASSPREFIX = MR;
				LastUpgradeCheck = 0610;
				ORGANIZATIONNAME = MuckRock;
				TargetAttributes = {
					9D147F3C1A39FAE9006631F8 = {
						CreatedOnToolsVersion = 6.1.1;
						DevelopmentTeam = 8ZXBB2MZ3J;
					};
					9D147F581A39FAE9006631F8 = {
						CreatedOnToolsVersion = 6.1.1;
						TestTargetID = 9D147F3C1A39FAE9006631F8;
					};
				};
			};
			buildConfigurationList = 9D147F381A39FAE9006631F8 /* Build configuration list for PBXProject "Whitewash" */;
			compatibilityVersion = "Xcode 3.2";
			developmentRegion = English;
			hasScannedForEncodings = 0;
			knownRegions = (
				en,
				Base,
			);
			mainGroup = 9D147F341A39FAE9006631F8;
			productRefGroup = 9D147F3E1A39FAE9006631F8 /* Products */;
			projectDirPath = "";
			projectRoot = "";
			targets = (
				9D147F3C1A39FAE9006631F8 /* whitewash */,
				9D147F581A39FAE9006631F8 /* whitewashTests */,
			);
		};
/* End PBXProject section */

/* Begin PBXResourcesBuildPhase section */
		9D147F3B1A39FAE9006631F8 /* Resources */ = {
			isa = PBXResourcesBuildPhase;
			buildActionMask = 2147483647;
			files = (
				9DFE26601A8D578E00483A86 /* LaunchScreen.xib in Resources */,
				9D9A48331A8E671500B9B202 /* CardContentView.xib in Resources */,
				9D147F511A39FAE9006631F8 /* Images.xcassets in Resources */,
				9D1E9D2E1A6F21D100B8927F /* Default-568h@2x.png in Resources */,
				9DF089A51A9E42120080F0DE /* communications.json in Resources */,
				9DFE262C1A8D56FE00483A86 /* Main.storyboard in Resources */,
			);
			runOnlyForDeploymentPostprocessing = 0;
		};
		9D147F571A39FAE9006631F8 /* Resources */ = {
			isa = PBXResourcesBuildPhase;
			buildActionMask = 2147483647;
			files = (
			);
			runOnlyForDeploymentPostprocessing = 0;
		};
/* End PBXResourcesBuildPhase section */

/* Begin PBXShellScriptBuildPhase section */
		3A58852FAF8C748E5A1494DB /* Copy Pods Resources */ = {
			isa = PBXShellScriptBuildPhase;
			buildActionMask = 2147483647;
			files = (
			);
			inputPaths = (
			);
			name = "Copy Pods Resources";
			outputPaths = (
			);
			runOnlyForDeploymentPostprocessing = 0;
			shellPath = /bin/sh;
			shellScript = "\"${SRCROOT}/Pods/Target Support Files/Pods/Pods-resources.sh\"\n";
			showEnvVarsInLog = 0;
		};
		5ABE3CBFFFCAB8DD781C075B /* Check Pods Manifest.lock */ = {
			isa = PBXShellScriptBuildPhase;
			buildActionMask = 2147483647;
			files = (
			);
			inputPaths = (
			);
			name = "Check Pods Manifest.lock";
			outputPaths = (
			);
			runOnlyForDeploymentPostprocessing = 0;
			shellPath = /bin/sh;
			shellScript = "diff \"${PODS_ROOT}/../Podfile.lock\" \"${PODS_ROOT}/Manifest.lock\" > /dev/null\nif [[ $? != 0 ]] ; then\n    cat << EOM\nerror: The sandbox is not in sync with the Podfile.lock. Run 'pod install' or update your CocoaPods installation.\nEOM\n    exit 1\nfi\n";
			showEnvVarsInLog = 0;
		};
/* End PBXShellScriptBuildPhase section */

/* Begin PBXSourcesBuildPhase section */
		9D147F391A39FAE9006631F8 /* Sources */ = {
			isa = PBXSourcesBuildPhase;
			buildActionMask = 2147483647;
			files = (
				9D147F461A39FAE9006631F8 /* AppDelegate.m in Sources */,
				9D147F431A39FAE9006631F8 /* main.m in Sources */,
				9D1E9D291A6EEF3600B8927F /* MRGameBoardViewController.m in Sources */,
				9D18DE551A968FB50074F31B /* MRCommunicationStore.m in Sources */,
				9D147F491A39FAE9006631F8 /* whitewash.xcdatamodeld in Sources */,
				9D1E9D2C1A6EEF6A00B8927F /* MRGameBoardView.m in Sources */,
				9D9BB8561A700B1F00EF427D /* MRGamePieceView.m in Sources */,
				9DFE26261A8D4FF900483A86 /* MRSwipeableViewController.m in Sources */,
				9D18DE581A96911E0074F31B /* MRCommunication.m in Sources */,
			);
			runOnlyForDeploymentPostprocessing = 0;
		};
		9D147F551A39FAE9006631F8 /* Sources */ = {
			isa = PBXSourcesBuildPhase;
			buildActionMask = 2147483647;
			files = (
			);
			runOnlyForDeploymentPostprocessing = 0;
		};
/* End PBXSourcesBuildPhase section */

/* Begin PBXTargetDependency section */
		9D147F5B1A39FAE9006631F8 /* PBXTargetDependency */ = {
			isa = PBXTargetDependency;
			target = 9D147F3C1A39FAE9006631F8 /* whitewash */;
			targetProxy = 9D147F5A1A39FAE9006631F8 /* PBXContainerItemProxy */;
		};
/* End PBXTargetDependency section */

/* Begin XCBuildConfiguration section */
		9D147F611A39FAE9006631F8 /* Debug */ = {
			isa = XCBuildConfiguration;
			buildSettings = {
				ALWAYS_SEARCH_USER_PATHS = NO;
				CLANG_CXX_LANGUAGE_STANDARD = "gnu++0x";
				CLANG_CXX_LIBRARY = "libc++";
				CLANG_ENABLE_MODULES = YES;
				CLANG_ENABLE_OBJC_ARC = YES;
				CLANG_WARN_BOOL_CONVERSION = YES;
				CLANG_WARN_CONSTANT_CONVERSION = YES;
				CLANG_WARN_DIRECT_OBJC_ISA_USAGE = YES_ERROR;
				CLANG_WARN_EMPTY_BODY = YES;
				CLANG_WARN_ENUM_CONVERSION = YES;
				CLANG_WARN_INT_CONVERSION = YES;
				CLANG_WARN_OBJC_ROOT_CLASS = YES_ERROR;
				CLANG_WARN_UNREACHABLE_CODE = YES;
				CLANG_WARN__DUPLICATE_METHOD_MATCH = YES;
				"CODE_SIGN_IDENTITY[sdk=iphoneos*]" = "iPhone Developer";
				COPY_PHASE_STRIP = NO;
				ENABLE_STRICT_OBJC_MSGSEND = YES;
				GCC_C_LANGUAGE_STANDARD = gnu99;
				GCC_DYNAMIC_NO_PIC = NO;
				GCC_OPTIMIZATION_LEVEL = 0;
				GCC_PREPROCESSOR_DEFINITIONS = (
					"DEBUG=1",
					"$(inherited)",
				);
				GCC_SYMBOLS_PRIVATE_EXTERN = NO;
				GCC_WARN_64_TO_32_BIT_CONVERSION = YES;
				GCC_WARN_ABOUT_RETURN_TYPE = YES_ERROR;
				GCC_WARN_UNDECLARED_SELECTOR = YES;
				GCC_WARN_UNINITIALIZED_AUTOS = YES_AGGRESSIVE;
				GCC_WARN_UNUSED_FUNCTION = YES;
				GCC_WARN_UNUSED_VARIABLE = YES;
				IPHONEOS_DEPLOYMENT_TARGET = 8.1;
				MTL_ENABLE_DEBUG_INFO = YES;
				ONLY_ACTIVE_ARCH = YES;
				SDKROOT = iphoneos;
				TARGETED_DEVICE_FAMILY = "1,2";
			};
			name = Debug;
		};
		9D147F621A39FAE9006631F8 /* Release */ = {
			isa = XCBuildConfiguration;
			buildSettings = {
				ALWAYS_SEARCH_USER_PATHS = NO;
				CLANG_CXX_LANGUAGE_STANDARD = "gnu++0x";
				CLANG_CXX_LIBRARY = "libc++";
				CLANG_ENABLE_MODULES = YES;
				CLANG_ENABLE_OBJC_ARC = YES;
				CLANG_WARN_BOOL_CONVERSION = YES;
				CLANG_WARN_CONSTANT_CONVERSION = YES;
				CLANG_WARN_DIRECT_OBJC_ISA_USAGE = YES_ERROR;
				CLANG_WARN_EMPTY_BODY = YES;
				CLANG_WARN_ENUM_CONVERSION = YES;
				CLANG_WARN_INT_CONVERSION = YES;
				CLANG_WARN_OBJC_ROOT_CLASS = YES_ERROR;
				CLANG_WARN_UNREACHABLE_CODE = YES;
				CLANG_WARN__DUPLICATE_METHOD_MATCH = YES;
				"CODE_SIGN_IDENTITY[sdk=iphoneos*]" = "iPhone Developer";
				COPY_PHASE_STRIP = YES;
				ENABLE_NS_ASSERTIONS = NO;
				ENABLE_STRICT_OBJC_MSGSEND = YES;
				GCC_C_LANGUAGE_STANDARD = gnu99;
				GCC_WARN_64_TO_32_BIT_CONVERSION = YES;
				GCC_WARN_ABOUT_RETURN_TYPE = YES_ERROR;
				GCC_WARN_UNDECLARED_SELECTOR = YES;
				GCC_WARN_UNINITIALIZED_AUTOS = YES_AGGRESSIVE;
				GCC_WARN_UNUSED_FUNCTION = YES;
				GCC_WARN_UNUSED_VARIABLE = YES;
				IPHONEOS_DEPLOYMENT_TARGET = 8.1;
				MTL_ENABLE_DEBUG_INFO = NO;
				SDKROOT = iphoneos;
				TARGETED_DEVICE_FAMILY = "1,2";
				VALIDATE_PRODUCT = YES;
			};
			name = Release;
		};
		9D147F641A39FAE9006631F8 /* Debug */ = {
			isa = XCBuildConfiguration;
			baseConfigurationReference = C4593659F62CF388C7EC9252 /* Pods.debug.xcconfig */;
			buildSettings = {
				ASSETCATALOG_COMPILER_APPICON_NAME = AppIcon;
				CODE_SIGN_IDENTITY = "iPhone Developer";
				"CODE_SIGN_IDENTITY[sdk=iphoneos*]" = "iPhone Developer";
				INFOPLIST_FILE = whitewash/Info.plist;
				IPHONEOS_DEPLOYMENT_TARGET = 8.1;
				LD_RUNPATH_SEARCH_PATHS = "$(inherited) @executable_path/Frameworks";
				PRODUCT_NAME = "$(TARGET_NAME)";
				PROVISIONING_PROFILE = "";
				TARGETED_DEVICE_FAMILY = "1,2";
			};
			name = Debug;
		};
		9D147F651A39FAE9006631F8 /* Release */ = {
			isa = XCBuildConfiguration;
			baseConfigurationReference = 55CD1DBBC66F6DD4D9E6CC95 /* Pods.release.xcconfig */;
			buildSettings = {
				ASSETCATALOG_COMPILER_APPICON_NAME = AppIcon;
				CODE_SIGN_IDENTITY = "iPhone Developer";
				"CODE_SIGN_IDENTITY[sdk=iphoneos*]" = "iPhone Developer";
				INFOPLIST_FILE = whitewash/Info.plist;
				IPHONEOS_DEPLOYMENT_TARGET = 8.1;
				LD_RUNPATH_SEARCH_PATHS = "$(inherited) @executable_path/Frameworks";
				PRODUCT_NAME = "$(TARGET_NAME)";
				PROVISIONING_PROFILE = "";
				TARGETED_DEVICE_FAMILY = "1,2";
			};
			name = Release;
		};
		9D147F671A39FAE9006631F8 /* Debug */ = {
			isa = XCBuildConfiguration;
			buildSettings = {
				BUNDLE_LOADER = "$(TEST_HOST)";
				FRAMEWORK_SEARCH_PATHS = (
					"$(SDKROOT)/Developer/Library/Frameworks",
					"$(inherited)",
				);
				GCC_PREPROCESSOR_DEFINITIONS = (
					"DEBUG=1",
					"$(inherited)",
				);
				INFOPLIST_FILE = whitewashTests/Info.plist;
				LD_RUNPATH_SEARCH_PATHS = "$(inherited) @executable_path/Frameworks @loader_path/Frameworks";
				PRODUCT_NAME = "$(TARGET_NAME)";
				TEST_HOST = "$(BUILT_PRODUCTS_DIR)/whitewash.app/whitewash";
			};
			name = Debug;
		};
		9D147F681A39FAE9006631F8 /* Release */ = {
			isa = XCBuildConfiguration;
			buildSettings = {
				BUNDLE_LOADER = "$(TEST_HOST)";
				FRAMEWORK_SEARCH_PATHS = (
					"$(SDKROOT)/Developer/Library/Frameworks",
					"$(inherited)",
				);
				INFOPLIST_FILE = whitewashTests/Info.plist;
				LD_RUNPATH_SEARCH_PATHS = "$(inherited) @executable_path/Frameworks @loader_path/Frameworks";
				PRODUCT_NAME = "$(TARGET_NAME)";
				TEST_HOST = "$(BUILT_PRODUCTS_DIR)/whitewash.app/whitewash";
			};
			name = Release;
		};
/* End XCBuildConfiguration section */

/* Begin XCConfigurationList section */
		9D147F381A39FAE9006631F8 /* Build configuration list for PBXProject "Whitewash" */ = {
			isa = XCConfigurationList;
			buildConfigurations = (
				9D147F611A39FAE9006631F8 /* Debug */,
				9D147F621A39FAE9006631F8 /* Release */,
			);
			defaultConfigurationIsVisible = 0;
			defaultConfigurationName = Release;
		};
		9D147F631A39FAE9006631F8 /* Build configuration list for PBXNativeTarget "whitewash" */ = {
			isa = XCConfigurationList;
			buildConfigurations = (
				9D147F641A39FAE9006631F8 /* Debug */,
				9D147F651A39FAE9006631F8 /* Release */,
			);
			defaultConfigurationIsVisible = 0;
			defaultConfigurationName = Release;
		};
		9D147F661A39FAE9006631F8 /* Build configuration list for PBXNativeTarget "whitewashTests" */ = {
			isa = XCConfigurationList;
			buildConfigurations = (
				9D147F671A39FAE9006631F8 /* Debug */,
				9D147F681A39FAE9006631F8 /* Release */,
			);
			defaultConfigurationIsVisible = 0;
			defaultConfigurationName = Release;
		};
/* End XCConfigurationList section */

/* Begin XCVersionGroup section */
		9D147F471A39FAE9006631F8 /* whitewash.xcdatamodeld */ = {
			isa = XCVersionGroup;
			children = (
				9D147F481A39FAE9006631F8 /* whitewash.xcdatamodel */,
			);
			currentVersion = 9D147F481A39FAE9006631F8 /* whitewash.xcdatamodel */;
			path = whitewash.xcdatamodeld;
			sourceTree = "<group>";
			versionGroupType = wrapper.xcdatamodel;
		};
/* End XCVersionGroup section */
	};
	rootObject = 9D147F351A39FAE9006631F8 /* Project object */;
}
